{
  "name": "ozon-project (Копия)",
  "lockfileVersion": 3,
  "requires": true,
  "packages": {
    "": {
      "dependencies": {
        "@a1rth/css-normalize": "^1.1.9"
      }
    },
    "node_modules/@a1rth/css-normalize": {
      "version": "1.1.9",
      "resolved": "https://registry.npmjs.org/@a1rth/css-normalize/-/css-normalize-1.1.9.tgz",
      "integrity": "sha512-yfojIJ7WzBkBfWxVwMxspyEnk1+TkprHKPCUnKLd1rYICXs0t2vXED6rU8jvvFpR8FsD84svQGGs5u7SCKUpUg=="
    }
  }
}
